
Microsoft Visual Studio Solution File, Format Version 9.00
# Visual Studio 2005
Project("{8BC9CEB8-8B4A-11D0-8D11-00A0C91BC942}") = "WunderPeople", "WunderPeople.vcproj", "{F9472281-A5E4-4666-9E87-81B7CD1A8FA7}"
EndProject
Global
	GlobalSection(SolutionConfigurationPlatforms) = preSolution
		Debug|Win32 = Debug|Win32
		Release|Win32 = Release|Win32
	EndGlobalSection
	GlobalSection(ProjectConfigurationPlatforms) = postSolution
		{F9472281-A5E4-4666-9E87-81B7CD1A8FA7}.Debug|Win32.ActiveCfg = Debug|Win32
		{F9472281-A5E4-4666-9E87-81B7CD1A8FA7}.Debug|Win32.Build.0 = Debug|Win32
		{F9472281-A5E4-4666-9E87-81B7CD1A8FA7}.Release|Win32.ActiveCfg = Release|Win32
		{F9472281-A5E4-4666-9E87-81B7CD1A8FA7}.Release|Win32.Build.0 = Release|Win32
	EndGlobalSection
	GlobalSection(SolutionProperties) = preSolution
		HideSolutionNode = FALSE
	EndGlobalSection
EndGlobal
